// !$*UTF8*$!
{
	archiveVersion = 1;
	classes = {
	};
	objectVersion = 50;
	objects = {

/* Begin PBXBuildFile section */
		AEBF57882192C1B30071A253 /* AppDelegate.swift in Sources */ = {isa = PBXBuildFile; fileRef = AEBF57872192C1B30071A253 /* AppDelegate.swift */; };
		AEBF578A2192C1B40071A253 /* ViewController.swift in Sources */ = {isa = PBXBuildFile; fileRef = AEBF57892192C1B40071A253 /* ViewController.swift */; };
		AEBF578D2192C1B40071A253 /* Main.storyboard in Resources */ = {isa = PBXBuildFile; fileRef = AEBF578B2192C1B40071A253 /* Main.storyboard */; };
		AEBF578F2192C1B50071A253 /* Assets.xcassets in Resources */ = {isa = PBXBuildFile; fileRef = AEBF578E2192C1B50071A253 /* Assets.xcassets */; };
		AEBF57922192C1B50071A253 /* LaunchScreen.storyboard in Resources */ = {isa = PBXBuildFile; fileRef = AEBF57902192C1B50071A253 /* LaunchScreen.storyboard */; };
		AEBF579E2192E64E0071A253 /* ListViewController.swift in Sources */ = {isa = PBXBuildFile; fileRef = AEBF579C2192E64E0071A253 /* ListViewController.swift */; };
		AEBF579F2192E64E0071A253 /* ListViewController.xib in Resources */ = {isa = PBXBuildFile; fileRef = AEBF579D2192E64E0071A253 /* ListViewController.xib */; };
		AEBF57A12192E6680071A253 /* ListRouter.swift in Sources */ = {isa = PBXBuildFile; fileRef = AEBF57A02192E6680071A253 /* ListRouter.swift */; };
		AEBF57A32192E6CA0071A253 /* Viewable.swift in Sources */ = {isa = PBXBuildFile; fileRef = AEBF57A22192E6CA0071A253 /* Viewable.swift */; };
		AEBF57A62192E8DB0071A253 /* Controllerable.swift in Sources */ = {isa = PBXBuildFile; fileRef = AEBF57A52192E8DB0071A253 /* Controllerable.swift */; };
		AEBF57AA2192F96A0071A253 /* Routerable.swift in Sources */ = {isa = PBXBuildFile; fileRef = AEBF57A92192F96A0071A253 /* Routerable.swift */; };
		AEBF57AF219404B80071A253 /* DetailViewController.swift in Sources */ = {isa = PBXBuildFile; fileRef = AEBF57AD219404B80071A253 /* DetailViewController.swift */; };
		AEBF57B0219404B80071A253 /* DetailViewController.xib in Resources */ = {isa = PBXBuildFile; fileRef = AEBF57AE219404B80071A253 /* DetailViewController.xib */; };
		AEBF57B2219404CC0071A253 /* DetailRouter.swift in Sources */ = {isa = PBXBuildFile; fileRef = AEBF57B1219404CC0071A253 /* DetailRouter.swift */; };
		AEBF57B921944CB30071A253 /* CountDisplayView.swift in Sources */ = {isa = PBXBuildFile; fileRef = AEBF57B821944CB30071A253 /* CountDisplayView.swift */; };
		AEBF57BC21944CC40071A253 /* CountDisplayView.xib in Resources */ = {isa = PBXBuildFile; fileRef = AEBF57BB21944CC30071A253 /* CountDisplayView.xib */; };
		AEBF57BE21944D670071A253 /* XibView.swift in Sources */ = {isa = PBXBuildFile; fileRef = AEBF57BD21944D670071A253 /* XibView.swift */; };
		AED179C22195487F0000127C /* Api.swift in Sources */ = {isa = PBXBuildFile; fileRef = AED179C12195487F0000127C /* Api.swift */; };
		AED179C4219556BB0000127C /* GithubRepository.swift in Sources */ = {isa = PBXBuildFile; fileRef = AED179C3219556BB0000127C /* GithubRepository.swift */; };
		AED179C6219557040000127C /* GitHubApi.swift in Sources */ = {isa = PBXBuildFile; fileRef = AED179C5219557040000127C /* GitHubApi.swift */; };
		AED179C821956DF30000127C /* CollectionExtension.swift in Sources */ = {isa = PBXBuildFile; fileRef = AED179C721956DF30000127C /* CollectionExtension.swift */; };
		AED179CB2195874C0000127C /* ListModel.swift in Sources */ = {isa = PBXBuildFile; fileRef = AED179CA2195874C0000127C /* ListModel.swift */; };
		AED179CD21958BE40000127C /* Modelable.swift in Sources */ = {isa = PBXBuildFile; fileRef = AED179CC21958BE40000127C /* Modelable.swift */; };
		AED179CF21958C270000127C /* DetailModel.swift in Sources */ = {isa = PBXBuildFile; fileRef = AED179CE21958C270000127C /* DetailModel.swift */; };
/* End PBXBuildFile section */

/* Begin PBXFileReference section */
		AEBF57842192C1B30071A253 /* SwiftMVCR.app */ = {isa = PBXFileReference; explicitFileType = wrapper.application; includeInIndex = 0; path = SwiftMVCR.app; sourceTree = BUILT_PRODUCTS_DIR; };
		AEBF57872192C1B30071A253 /* AppDelegate.swift */ = {isa = PBXFileReference; lastKnownFileType = sourcecode.swift; path = AppDelegate.swift; sourceTree = "<group>"; };
		AEBF57892192C1B40071A253 /* ViewController.swift */ = {isa = PBXFileReference; lastKnownFileType = sourcecode.swift; path = ViewController.swift; sourceTree = "<group>"; };
		AEBF578C2192C1B40071A253 /* Base */ = {isa = PBXFileReference; lastKnownFileType = file.storyboard; name = Base; path = Base.lproj/Main.storyboard; sourceTree = "<group>"; };
		AEBF578E2192C1B50071A253 /* Assets.xcassets */ = {isa = PBXFileReference; lastKnownFileType = folder.assetcatalog; path = Assets.xcassets; sourceTree = "<group>"; };
		AEBF57912192C1B50071A253 /* Base */ = {isa = PBXFileReference; lastKnownFileType = file.storyboard; name = Base; path = Base.lproj/LaunchScreen.storyboard; sourceTree = "<group>"; };
		AEBF57932192C1B50071A253 /* Info.plist */ = {isa = PBXFileReference; lastKnownFileType = text.plist.xml; path = Info.plist; sourceTree = "<group>"; };
		AEBF579C2192E64E0071A253 /* ListViewController.swift */ = {isa = PBXFileReference; lastKnownFileType = sourcecode.swift; path = ListViewController.swift; sourceTree = "<group>"; };
		AEBF579D2192E64E0071A253 /* ListViewController.xib */ = {isa = PBXFileReference; lastKnownFileType = file.xib; path = ListViewController.xib; sourceTree = "<group>"; };
		AEBF57A02192E6680071A253 /* ListRouter.swift */ = {isa = PBXFileReference; lastKnownFileType = sourcecode.swift; path = ListRouter.swift; sourceTree = "<group>"; };
		AEBF57A22192E6CA0071A253 /* Viewable.swift */ = {isa = PBXFileReference; lastKnownFileType = sourcecode.swift; path = Viewable.swift; sourceTree = "<group>"; };
		AEBF57A52192E8DB0071A253 /* Controllerable.swift */ = {isa = PBXFileReference; lastKnownFileType = sourcecode.swift; path = Controllerable.swift; sourceTree = "<group>"; };
		AEBF57A92192F96A0071A253 /* Routerable.swift */ = {isa = PBXFileReference; lastKnownFileType = sourcecode.swift; path = Routerable.swift; sourceTree = "<group>"; };
		AEBF57AD219404B80071A253 /* DetailViewController.swift */ = {isa = PBXFileReference; lastKnownFileType = sourcecode.swift; path = DetailViewController.swift; sourceTree = "<group>"; };
		AEBF57AE219404B80071A253 /* DetailViewController.xib */ = {isa = PBXFileReference; lastKnownFileType = file.xib; path = DetailViewController.xib; sourceTree = "<group>"; };
		AEBF57B1219404CC0071A253 /* DetailRouter.swift */ = {isa = PBXFileReference; lastKnownFileType = sourcecode.swift; path = DetailRouter.swift; sourceTree = "<group>"; };
		AEBF57B821944CB30071A253 /* CountDisplayView.swift */ = {isa = PBXFileReference; lastKnownFileType = sourcecode.swift; path = CountDisplayView.swift; sourceTree = "<group>"; };
		AEBF57BB21944CC30071A253 /* CountDisplayView.xib */ = {isa = PBXFileReference; lastKnownFileType = file.xib; path = CountDisplayView.xib; sourceTree = "<group>"; };
		AEBF57BD21944D670071A253 /* XibView.swift */ = {isa = PBXFileReference; lastKnownFileType = sourcecode.swift; path = XibView.swift; sourceTree = "<group>"; };
		AED179C12195487F0000127C /* Api.swift */ = {isa = PBXFileReference; lastKnownFileType = sourcecode.swift; path = Api.swift; sourceTree = "<group>"; };
		AED179C3219556BB0000127C /* GithubRepository.swift */ = {isa = PBXFileReference; lastKnownFileType = sourcecode.swift; path = GithubRepository.swift; sourceTree = "<group>"; };
		AED179C5219557040000127C /* GitHubApi.swift */ = {isa = PBXFileReference; lastKnownFileType = sourcecode.swift; path = GitHubApi.swift; sourceTree = "<group>"; };
		AED179C721956DF30000127C /* CollectionExtension.swift */ = {isa = PBXFileReference; lastKnownFileType = sourcecode.swift; path = CollectionExtension.swift; sourceTree = "<group>"; };
		AED179CA2195874C0000127C /* ListModel.swift */ = {isa = PBXFileReference; lastKnownFileType = sourcecode.swift; path = ListModel.swift; sourceTree = "<group>"; };
		AED179CC21958BE40000127C /* Modelable.swift */ = {isa = PBXFileReference; lastKnownFileType = sourcecode.swift; path = Modelable.swift; sourceTree = "<group>"; };
		AED179CE21958C270000127C /* DetailModel.swift */ = {isa = PBXFileReference; lastKnownFileType = sourcecode.swift; path = DetailModel.swift; sourceTree = "<group>"; };
/* End PBXFileReference section */

/* Begin PBXFrameworksBuildPhase section */
		AEBF57812192C1B30071A253 /* Frameworks */ = {
			isa = PBXFrameworksBuildPhase;
			buildActionMask = 2147483647;
			files = (
			);
			runOnlyForDeploymentPostprocessing = 0;
		};
/* End PBXFrameworksBuildPhase section */

/* Begin PBXGroup section */
		AEBF577B2192C1B30071A253 = {
			isa = PBXGroup;
			children = (
				AEBF57862192C1B30071A253 /* SwiftMVCR */,
				AEBF57852192C1B30071A253 /* Products */,
			);
			sourceTree = "<group>";
		};
		AEBF57852192C1B30071A253 /* Products */ = {
			isa = PBXGroup;
			children = (
				AEBF57842192C1B30071A253 /* SwiftMVCR.app */,
			);
			name = Products;
			sourceTree = "<group>";
		};
		AEBF57862192C1B30071A253 /* SwiftMVCR */ = {
			isa = PBXGroup;
			children = (
				AED179BC219534B90000127C /* Sources */,
				AEBF57992192E5F20071A253 /* Support Files */,
			);
			path = SwiftMVCR;
			sourceTree = "<group>";
		};
		AEBF57992192E5F20071A253 /* Support Files */ = {
			isa = PBXGroup;
			children = (
				AEBF578E2192C1B50071A253 /* Assets.xcassets */,
				AEBF57902192C1B50071A253 /* LaunchScreen.storyboard */,
				AEBF57932192C1B50071A253 /* Info.plist */,
			);
			path = "Support Files";
			sourceTree = "<group>";
		};
		AEBF579A2192E6070071A253 /* Models */ = {
			isa = PBXGroup;
			children = (
				AED179D021958F6A0000127C /* Api */,
				AED179D121958F710000127C /* Controllers */,
			);
			path = Models;
			sourceTree = "<group>";
		};
		AEBF579B2192E6110071A253 /* Controllers */ = {
			isa = PBXGroup;
			children = (
				AEBF57AB2194047E0071A253 /* List */,
				AEBF57AC2194048F0071A253 /* Detail */,
			);
			path = Controllers;
			sourceTree = "<group>";
		};
		AEBF57A42192E6D60071A253 /* Protocols */ = {
			isa = PBXGroup;
			children = (
				AEBF57A22192E6CA0071A253 /* Viewable.swift */,
				AEBF57A52192E8DB0071A253 /* Controllerable.swift */,
				AEBF57A92192F96A0071A253 /* Routerable.swift */,
				AED179CC21958BE40000127C /* Modelable.swift */,
			);
			path = Protocols;
			sourceTree = "<group>";
		};
		AEBF57AB2194047E0071A253 /* List */ = {
			isa = PBXGroup;
			children = (
				AEBF579C2192E64E0071A253 /* ListViewController.swift */,
				AEBF579D2192E64E0071A253 /* ListViewController.xib */,
			);
			path = List;
			sourceTree = "<group>";
		};
		AEBF57AC2194048F0071A253 /* Detail */ = {
			isa = PBXGroup;
			children = (
				AEBF57AD219404B80071A253 /* DetailViewController.swift */,
				AEBF57AE219404B80071A253 /* DetailViewController.xib */,
			);
			path = Detail;
			sourceTree = "<group>";
		};
		AEBF57B721944C5A0071A253 /* Views */ = {
			isa = PBXGroup;
			children = (
				AEBF57BD21944D670071A253 /* XibView.swift */,
				AEBF57BA21944CB90071A253 /* CountDisplayView */,
			);
			path = Views;
			sourceTree = "<group>";
		};
		AEBF57BA21944CB90071A253 /* CountDisplayView */ = {
			isa = PBXGroup;
			children = (
				AEBF57B821944CB30071A253 /* CountDisplayView.swift */,
				AEBF57BB21944CC30071A253 /* CountDisplayView.xib */,
			);
			path = CountDisplayView;
			sourceTree = "<group>";
		};
		AED179BB21952A290000127C /* Routers */ = {
			isa = PBXGroup;
			children = (
				AEBF57A02192E6680071A253 /* ListRouter.swift */,
				AEBF57B1219404CC0071A253 /* DetailRouter.swift */,
			);
			path = Routers;
			sourceTree = "<group>";
		};
		AED179BC219534B90000127C /* Sources */ = {
			isa = PBXGroup;
			children = (
				AEBF57872192C1B30071A253 /* AppDelegate.swift */,
				AEBF57892192C1B40071A253 /* ViewController.swift */,
				AEBF578B2192C1B40071A253 /* Main.storyboard */,
				AED179C921956DF60000127C /* Extensions */,
				AED179C0219548710000127C /* Apis */,
				AEBF57A42192E6D60071A253 /* Protocols */,
				AEBF579A2192E6070071A253 /* Models */,
				AEBF57B721944C5A0071A253 /* Views */,
				AEBF579B2192E6110071A253 /* Controllers */,
				AED179BB21952A290000127C /* Routers */,
			);
			path = Sources;
			sourceTree = "<group>";
		};
		AED179C0219548710000127C /* Apis */ = {
			isa = PBXGroup;
			children = (
				AED179C12195487F0000127C /* Api.swift */,
				AED179C5219557040000127C /* GitHubApi.swift */,
			);
			path = Apis;
			sourceTree = "<group>";
		};
		AED179C921956DF60000127C /* Extensions */ = {
			isa = PBXGroup;
			children = (
				AED179C721956DF30000127C /* CollectionExtension.swift */,
			);
			path = Extensions;
			sourceTree = "<group>";
		};
		AED179D021958F6A0000127C /* Api */ = {
			isa = PBXGroup;
			children = (
				AED179C3219556BB0000127C /* GithubRepository.swift */,
			);
			path = Api;
			sourceTree = "<group>";
		};
		AED179D121958F710000127C /* Controllers */ = {
			isa = PBXGroup;
			children = (
				AED179CA2195874C0000127C /* ListModel.swift */,
				AED179CE21958C270000127C /* DetailModel.swift */,
			);
			path = Controllers;
			sourceTree = "<group>";
		};
/* End PBXGroup section */

/* Begin PBXNativeTarget section */
		AEBF57832192C1B30071A253 /* SwiftMVCR */ = {
			isa = PBXNativeTarget;
			buildConfigurationList = AEBF57962192C1B50071A253 /* Build configuration list for PBXNativeTarget "SwiftMVCR" */;
			buildPhases = (
				AEBF57802192C1B30071A253 /* Sources */,
				AEBF57812192C1B30071A253 /* Frameworks */,
				AEBF57822192C1B30071A253 /* Resources */,
			);
			buildRules = (
			);
			dependencies = (
			);
			name = SwiftMVCR;
			productName = SwiftMVCR;
			productReference = AEBF57842192C1B30071A253 /* SwiftMVCR.app */;
			productType = "com.apple.product-type.application";
		};
/* End PBXNativeTarget section */

/* Begin PBXProject section */
		AEBF577C2192C1B30071A253 /* Project object */ = {
			isa = PBXProject;
			attributes = {
				LastSwiftUpdateCheck = 1000;
				LastUpgradeCheck = 1000;
				ORGANIZATIONNAME = "Tsubasa Hayashi";
				TargetAttributes = {
					AEBF57832192C1B30071A253 = {
						CreatedOnToolsVersion = 10.0;
					};
				};
			};
			buildConfigurationList = AEBF577F2192C1B30071A253 /* Build configuration list for PBXProject "SwiftMVCR" */;
			compatibilityVersion = "Xcode 9.3";
			developmentRegion = en;
			hasScannedForEncodings = 0;
			knownRegions = (
				en,
				Base,
			);
			mainGroup = AEBF577B2192C1B30071A253;
			productRefGroup = AEBF57852192C1B30071A253 /* Products */;
			projectDirPath = "";
			projectRoot = "";
			targets = (
				AEBF57832192C1B30071A253 /* SwiftMVCR */,
			);
		};
/* End PBXProject section */

/* Begin PBXResourcesBuildPhase section */
		AEBF57822192C1B30071A253 /* Resources */ = {
			isa = PBXResourcesBuildPhase;
			buildActionMask = 2147483647;
			files = (
				AEBF57922192C1B50071A253 /* LaunchScreen.storyboard in Resources */,
				AEBF578F2192C1B50071A253 /* Assets.xcassets in Resources */,
				AEBF57B0219404B80071A253 /* DetailViewController.xib in Resources */,
				AEBF57BC21944CC40071A253 /* CountDisplayView.xib in Resources */,
				AEBF579F2192E64E0071A253 /* ListViewController.xib in Resources */,
				AEBF578D2192C1B40071A253 /* Main.storyboard in Resources */,
			);
			runOnlyForDeploymentPostprocessing = 0;
		};
/* End PBXResourcesBuildPhase section */

/* Begin PBXSourcesBuildPhase section */
		AEBF57802192C1B30071A253 /* Sources */ = {
			isa = PBXSourcesBuildPhase;
			buildActionMask = 2147483647;
			files = (
				AEBF57AF219404B80071A253 /* DetailViewController.swift in Sources */,
				AED179CD21958BE40000127C /* Modelable.swift in Sources */,
				AEBF57AA2192F96A0071A253 /* Routerable.swift in Sources */,
				AED179C6219557040000127C /* GitHubApi.swift in Sources */,
				AEBF57A12192E6680071A253 /* ListRouter.swift in Sources */,
				AEBF57B921944CB30071A253 /* CountDisplayView.swift in Sources */,
				AED179CF21958C270000127C /* DetailModel.swift in Sources */,
				AEBF57A62192E8DB0071A253 /* Controllerable.swift in Sources */,
				AED179C22195487F0000127C /* Api.swift in Sources */,
				AED179C4219556BB0000127C /* GithubRepository.swift in Sources */,
				AEBF57B2219404CC0071A253 /* DetailRouter.swift in Sources */,
				AEBF578A2192C1B40071A253 /* ViewController.swift in Sources */,
				AEBF57882192C1B30071A253 /* AppDelegate.swift in Sources */,
				AEBF579E2192E64E0071A253 /* ListViewController.swift in Sources */,
				AED179C821956DF30000127C /* CollectionExtension.swift in Sources */,
				AEBF57BE21944D670071A253 /* XibView.swift in Sources */,
				AEBF57A32192E6CA0071A253 /* Viewable.swift in Sources */,
				AED179CB2195874C0000127C /* ListModel.swift in Sources */,
			);
			runOnlyForDeploymentPostprocessing = 0;
		};
/* End PBXSourcesBuildPhase section */

/* Begin PBXVariantGroup section */
		AEBF578B2192C1B40071A253 /* Main.storyboard */ = {
			isa = PBXVariantGroup;
			children = (
				AEBF578C2192C1B40071A253 /* Base */,
			);
			name = Main.storyboard;
			sourceTree = "<group>";
		};
		AEBF57902192C1B50071A253 /* LaunchScreen.storyboard */ = {
			isa = PBXVariantGroup;
			children = (
				AEBF57912192C1B50071A253 /* Base */,
			);
			name = LaunchScreen.storyboard;
			sourceTree = "<group>";
		};
/* End PBXVariantGroup section */

/* Begin XCBuildConfiguration section */
		AEBF57942192C1B50071A253 /* Debug */ = {
			isa = XCBuildConfiguration;
			buildSettings = {
				ALWAYS_SEARCH_USER_PATHS = NO;
				CLANG_ANALYZER_NONNULL = YES;
				CLANG_ANALYZER_NUMBER_OBJECT_CONVERSION = YES_AGGRESSIVE;
				CLANG_CXX_LANGUAGE_STANDARD = "gnu++14";
				CLANG_CXX_LIBRARY = "libc++";
				CLANG_ENABLE_MODULES = YES;
				CLANG_ENABLE_OBJC_ARC = YES;
				CLANG_ENABLE_OBJC_WEAK = YES;
				CLANG_WARN_BLOCK_CAPTURE_AUTORELEASING = YES;
				CLANG_WARN_BOOL_CONVERSION = YES;
				CLANG_WARN_COMMA = YES;
				CLANG_WARN_CONSTANT_CONVERSION = YES;
				CLANG_WARN_DEPRECATED_OBJC_IMPLEMENTATIONS = YES;
				CLANG_WARN_DIRECT_OBJC_ISA_USAGE = YES_ERROR;
				CLANG_WARN_DOCUMENTATION_COMMENTS = YES;
				CLANG_WARN_EMPTY_BODY = YES;
				CLANG_WARN_ENUM_CONVERSION = YES;
				CLANG_WARN_INFINITE_RECURSION = YES;
				CLANG_WARN_INT_CONVERSION = YES;
				CLANG_WARN_NON_LITERAL_NULL_CONVERSION = YES;
				CLANG_WARN_OBJC_IMPLICIT_RETAIN_SELF = YES;
				CLANG_WARN_OBJC_LITERAL_CONVERSION = YES;
				CLANG_WARN_OBJC_ROOT_CLASS = YES_ERROR;
				CLANG_WARN_RANGE_LOOP_ANALYSIS = YES;
				CLANG_WARN_STRICT_PROTOTYPES = YES;
				CLANG_WARN_SUSPICIOUS_MOVE = YES;
				CLANG_WARN_UNGUARDED_AVAILABILITY = YES_AGGRESSIVE;
				CLANG_WARN_UNREACHABLE_CODE = YES;
				CLANG_WARN__DUPLICATE_METHOD_MATCH = YES;
				CODE_SIGN_IDENTITY = "iPhone Developer";
				COPY_PHASE_STRIP = NO;
				DEBUG_INFORMATION_FORMAT = dwarf;
				ENABLE_STRICT_OBJC_MSGSEND = YES;
				ENABLE_TESTABILITY = YES;
				GCC_C_LANGUAGE_STANDARD = gnu11;
				GCC_DYNAMIC_NO_PIC = NO;
				GCC_NO_COMMON_BLOCKS = YES;
				GCC_OPTIMIZATION_LEVEL = 0;
				GCC_PREPROCESSOR_DEFINITIONS = (
					"DEBUG=1",
					"$(inherited)",
				);
				GCC_WARN_64_TO_32_BIT_CONVERSION = YES;
				GCC_WARN_ABOUT_RETURN_TYPE = YES_ERROR;
				GCC_WARN_UNDECLARED_SELECTOR = YES;
				GCC_WARN_UNINITIALIZED_AUTOS = YES_AGGRESSIVE;
				GCC_WARN_UNUSED_FUNCTION = YES;
				GCC_WARN_UNUSED_VARIABLE = YES;
				IPHONEOS_DEPLOYMENT_TARGET = 12.0;
				MTL_ENABLE_DEBUG_INFO = INCLUDE_SOURCE;
				MTL_FAST_MATH = YES;
				ONLY_ACTIVE_ARCH = YES;
				SDKROOT = iphoneos;
				SWIFT_ACTIVE_COMPILATION_CONDITIONS = DEBUG;
				SWIFT_OPTIMIZATION_LEVEL = "-Onone";
			};
			name = Debug;
		};
		AEBF57952192C1B50071A253 /* Release */ = {
			isa = XCBuildConfiguration;
			buildSettings = {
				ALWAYS_SEARCH_USER_PATHS = NO;
				CLANG_ANALYZER_NONNULL = YES;
				CLANG_ANALYZER_NUMBER_OBJECT_CONVERSION = YES_AGGRESSIVE;
				CLANG_CXX_LANGUAGE_STANDARD = "gnu++14";
				CLANG_CXX_LIBRARY = "libc++";
				CLANG_ENABLE_MODULES = YES;
				CLANG_ENABLE_OBJC_ARC = YES;
				CLANG_ENABLE_OBJC_WEAK = YES;
				CLANG_WARN_BLOCK_CAPTURE_AUTORELEASING = YES;
				CLANG_WARN_BOOL_CONVERSION = YES;
				CLANG_WARN_COMMA = YES;
				CLANG_WARN_CONSTANT_CONVERSION = YES;
				CLANG_WARN_DEPRECATED_OBJC_IMPLEMENTATIONS = YES;
				CLANG_WARN_DIRECT_OBJC_ISA_USAGE = YES_ERROR;
				CLANG_WARN_DOCUMENTATION_COMMENTS = YES;
				CLANG_WARN_EMPTY_BODY = YES;
				CLANG_WARN_ENUM_CONVERSION = YES;
				CLANG_WARN_INFINITE_RECURSION = YES;
				CLANG_WARN_INT_CONVERSION = YES;
				CLANG_WARN_NON_LITERAL_NULL_CONVERSION = YES;
				CLANG_WARN_OBJC_IMPLICIT_RETAIN_SELF = YES;
				CLANG_WARN_OBJC_LITERAL_CONVERSION = YES;
				CLANG_WARN_OBJC_ROOT_CLASS = YES_ERROR;
				CLANG_WARN_RANGE_LOOP_ANALYSIS = YES;
				CLANG_WARN_STRICT_PROTOTYPES = YES;
				CLANG_WARN_SUSPICIOUS_MOVE = YES;
				CLANG_WARN_UNGUARDED_AVAILABILITY = YES_AGGRESSIVE;
				CLANG_WARN_UNREACHABLE_CODE = YES;
				CLANG_WARN__DUPLICATE_METHOD_MATCH = YES;
				CODE_SIGN_IDENTITY = "iPhone Developer";
				COPY_PHASE_STRIP = NO;
				DEBUG_INFORMATION_FORMAT = "dwarf-with-dsym";
				ENABLE_NS_ASSERTIONS = NO;
				ENABLE_STRICT_OBJC_MSGSEND = YES;
				GCC_C_LANGUAGE_STANDARD = gnu11;
				GCC_NO_COMMON_BLOCKS = YES;
				GCC_WARN_64_TO_32_BIT_CONVERSION = YES;
				GCC_WARN_ABOUT_RETURN_TYPE = YES_ERROR;
				GCC_WARN_UNDECLARED_SELECTOR = YES;
				GCC_WARN_UNINITIALIZED_AUTOS = YES_AGGRESSIVE;
				GCC_WARN_UNUSED_FUNCTION = YES;
				GCC_WARN_UNUSED_VARIABLE = YES;
				IPHONEOS_DEPLOYMENT_TARGET = 12.0;
				MTL_ENABLE_DEBUG_INFO = NO;
				MTL_FAST_MATH = YES;
				SDKROOT = iphoneos;
				SWIFT_COMPILATION_MODE = wholemodule;
				SWIFT_OPTIMIZATION_LEVEL = "-O";
				VALIDATE_PRODUCT = YES;
			};
			name = Release;
		};
		AEBF57972192C1B50071A253 /* Debug */ = {
			isa = XCBuildConfiguration;
			buildSettings = {
				ASSETCATALOG_COMPILER_APPICON_NAME = AppIcon;
				CODE_SIGN_STYLE = Automatic;
				DEVELOPMENT_TEAM = BE69EUEJNJ;
				INFOPLIST_FILE = "$(SRCROOT)/SwiftMVCR/Support Files/Info.plist";
				LD_RUNPATH_SEARCH_PATHS = (
					"$(inherited)",
					"@executable_path/Frameworks",
				);
				PRODUCT_BUNDLE_IDENTIFIER = app.yokurin.SwiftMVCR;
				PRODUCT_NAME = "$(TARGET_NAME)";
				SWIFT_VERSION = 4.2;
				TARGETED_DEVICE_FAMILY = "1,2";
			};
			name = Debug;
		};
		AEBF57982192C1B50071A253 /* Release */ = {
			isa = XCBuildConfiguration;
			buildSettings = {
				ASSETCATALOG_COMPILER_APPICON_NAME = AppIcon;
				CODE_SIGN_STYLE = Automatic;
				DEVELOPMENT_TEAM = BE69EUEJNJ;
				INFOPLIST_FILE = "$(SRCROOT)/SwiftMVCR/Support Files/Info.plist";
				LD_RUNPATH_SEARCH_PATHS = (
					"$(inherited)",
					"@executable_path/Frameworks",
				);
				PRODUCT_BUNDLE_IDENTIFIER = app.yokurin.SwiftMVCR;
				PRODUCT_NAME = "$(TARGET_NAME)";
				SWIFT_VERSION = 4.2;
				TARGETED_DEVICE_FAMILY = "1,2";
			};
			name = Release;
		};
/* End XCBuildConfiguration section */

/* Begin XCConfigurationList section */
		AEBF577F2192C1B30071A253 /* Build configuration list for PBXProject "SwiftMVCR" */ = {
			isa = XCConfigurationList;
			buildConfigurations = (
				AEBF57942192C1B50071A253 /* Debug */,
				AEBF57952192C1B50071A253 /* Release */,
			);
			defaultConfigurationIsVisible = 0;
			defaultConfigurationName = Release;
		};
		AEBF57962192C1B50071A253 /* Build configuration list for PBXNativeTarget "SwiftMVCR" */ = {
			isa = XCConfigurationList;
			buildConfigurations = (
				AEBF57972192C1B50071A253 /* Debug */,
				AEBF57982192C1B50071A253 /* Release */,
			);
			defaultConfigurationIsVisible = 0;
			defaultConfigurationName = Release;
		};
/* End XCConfigurationList section */
	};
	rootObject = AEBF577C2192C1B30071A253 /* Project object */;
}
